github.com/go-faker/faker/v4 v4.5.0 h1:ARzAY2XoOL9tOUK+KSecUQzyXQsUaZHefjyF8x6YFHc=
github.com/go-faker/faker/v4 v4.5.0/go.mod h1:p3oq1GRjG2PZ7yqeFFfQI20Xm61DoBDlCA8RiSyZ48M=
github.com/google/uuid v1.6.0 h1:NIvaJDMOsjHA8n1jAhLSgzrAzy1Hgr+hNrb57e+94F0=
github.com/google/uuid v1.6.0/go.mod h1:TIyPZe4MgqvfeYDBFedMoGGpEw/LqOeaOT+nhxU+yHo=
golang.org/x/text v0.21.0 h1:zyQAAkrwaneQ066sspRyJaG9VNi/YJ1NfzcGB3hZ/qo=
golang.org/x/text v0.21.0/go.mod h1:4IBbMaMmOPCJ8SecivzSH54+73PCFmPWxNTLm+vZkEQ=
modernc.org/libc v1.61.4 h1:wVyqEx6tlltte9lPTjq0kDAdtdM9c4JH8rU6M1ZVawA=
modernc.org/libc v1.61.4/go.mod h1:VfXVuM/Shh5XsMNrh3C6OkfL78G3loa4ZC/Ljv9k7xc=
